// !$*UTF8*$!
{
	archiveVersion = 1;
	classes = {
	};
	objectVersion = 51;
	objects = {

/* Begin PBXBuildFile section */
		38FA259EBDC2CC8B84EE6239 /* Pods_AnonApp_AnonAppUITests.framework in Frameworks */ = {isa = PBXBuildFile; fileRef = 00B28BF1F7689AF99BAA39F7 /* Pods_AnonApp_AnonAppUITests.framework */; };
		575AD0C6C606BF68236CFFEF /* Pods_AnonAppTests.framework in Frameworks */ = {isa = PBXBuildFile; fileRef = 0F34D06613FF4F3B11999CB0 /* Pods_AnonAppTests.framework */; };
		66CA67A59FE8AD9CBAFA01B2 /* Pods_AnonApp.framework in Frameworks */ = {isa = PBXBuildFile; fileRef = 764BDF806E8EF2D6E89B04DF /* Pods_AnonApp.framework */; };
		C70C8E3124B526B300E73741 /* Assets.xcassets in Resources */ = {isa = PBXBuildFile; fileRef = C70C8E3024B526B100E73741 /* Assets.xcassets */; };
		C70C8E3324B66D1200E73741 /* ViewControllerPrivacyPolicy.swift in Sources */ = {isa = PBXBuildFile; fileRef = C70C8E3224B66D1200E73741 /* ViewControllerPrivacyPolicy.swift */; };
		C715100F256C62F400FBD605 /* VerifyViewController.swift in Sources */ = {isa = PBXBuildFile; fileRef = C715100E256C62F400FBD605 /* VerifyViewController.swift */; };
		C723E656253BD87A0051C853 /* WelcomeViewController.swift in Sources */ = {isa = PBXBuildFile; fileRef = C723E655253BD8750051C853 /* WelcomeViewController.swift */; };
		C737169A255855FB00FA9A11 /* RedeemViewController.swift in Sources */ = {isa = PBXBuildFile; fileRef = C7371699255855FB00FA9A11 /* RedeemViewController.swift */; };
		C73716CE255B568B00FA9A11 /* pollStack.swift in Sources */ = {isa = PBXBuildFile; fileRef = C73716CD255B568B00FA9A11 /* pollStack.swift */; };
		C73A5F5324F5C9560063B329 /* ViewControllerStudentSections.swift in Sources */ = {isa = PBXBuildFile; fileRef = C73A5F5224F5C9560063B329 /* ViewControllerStudentSections.swift */; };
		C73A5F5524F5D2B70063B329 /* University.swift in Sources */ = {isa = PBXBuildFile; fileRef = C73A5F5424F5D2B70063B329 /* University.swift */; };
		C73A5F5B24F740E10063B329 /* ViewControllerCreateAccount.swift in Sources */ = {isa = PBXBuildFile; fileRef = C73A5F5A24F740E10063B329 /* ViewControllerCreateAccount.swift */; };
		C73AA0C92453ACEF000C27B9 /* ViewControllerCategories.swift in Sources */ = {isa = PBXBuildFile; fileRef = C73AA0C82453ACEF000C27B9 /* ViewControllerCategories.swift */; };
		C73AA0CB2453BC66000C27B9 /* Category.swift in Sources */ = {isa = PBXBuildFile; fileRef = C73AA0CA2453BC66000C27B9 /* Category.swift */; };
		C73AA0CD2454B451000C27B9 /* ViewControllerUser.swift in Sources */ = {isa = PBXBuildFile; fileRef = C73AA0CC2454B451000C27B9 /* ViewControllerUser.swift */; };
		C73AA0CF2454CB43000C27B9 /* ViewControllerQuip.swift in Sources */ = {isa = PBXBuildFile; fileRef = C73AA0CE2454CB43000C27B9 /* ViewControllerQuip.swift */; };
		C754EE6124DCE0F00047F669 /* GlobalVars.swift in Sources */ = {isa = PBXBuildFile; fileRef = C754EE6024DCE0F00047F669 /* GlobalVars.swift */; };
		C756A1242495581B0066208D /* ViewControllerAddFavsOne.swift in Sources */ = {isa = PBXBuildFile; fileRef = C756A1232495581B0066208D /* ViewControllerAddFavsOne.swift */; };
		C756A1262495584A0066208D /* ViewControllerAddFavsTwo.swift in Sources */ = {isa = PBXBuildFile; fileRef = C756A1252495584A0066208D /* ViewControllerAddFavsTwo.swift */; };
		C7575C2B24C3330C003BFF1E /* UIColorExtension.swift in Sources */ = {isa = PBXBuildFile; fileRef = C7575C2A24C3330C003BFF1E /* UIColorExtension.swift */; };
		C75942C0247CA46300ED8223 /* ViewControllerExtensions.swift in Sources */ = {isa = PBXBuildFile; fileRef = C75942BF247CA46300ED8223 /* ViewControllerExtensions.swift */; };
		C75942C2247CA49F00ED8223 /* UIButtonExtensions.swift in Sources */ = {isa = PBXBuildFile; fileRef = C75942C1247CA49F00ED8223 /* UIButtonExtensions.swift */; };
		C75942C4247CA52B00ED8223 /* CustomTableCells.swift in Sources */ = {isa = PBXBuildFile; fileRef = C75942C3247CA52B00ED8223 /* CustomTableCells.swift */; };
		C76C374724CBC992001777BF /* Colors.swift in Sources */ = {isa = PBXBuildFile; fileRef = C76C374624CBC992001777BF /* Colors.swift */; };
		C76C623224D3956800FA7A69 /* Constants.swift in Sources */ = {isa = PBXBuildFile; fileRef = C76C623124D3956700FA7A69 /* Constants.swift */; };
		C76C623424D3A8E500FA7A69 /* NetworkExtension.framework in Frameworks */ = {isa = PBXBuildFile; fileRef = C76C623324D3A8E500FA7A69 /* NetworkExtension.framework */; };
		C7726752243ABE4F000FC9C7 /* AppDelegate.swift in Sources */ = {isa = PBXBuildFile; fileRef = C7726751243ABE4F000FC9C7 /* AppDelegate.swift */; };
		C7726757243ABE4F000FC9C7 /* Main.storyboard in Resources */ = {isa = PBXBuildFile; fileRef = C7726755243ABE4F000FC9C7 /* Main.storyboard */; };
		C772675C243ABE52000FC9C7 /* LaunchScreen.storyboard in Resources */ = {isa = PBXBuildFile; fileRef = C772675A243ABE52000FC9C7 /* LaunchScreen.storyboard */; };
		C7726767243ABE53000FC9C7 /* AnonAppTests.swift in Sources */ = {isa = PBXBuildFile; fileRef = C7726766243ABE53000FC9C7 /* AnonAppTests.swift */; };
		C7726772243ABE53000FC9C7 /* AnonAppUITests.swift in Sources */ = {isa = PBXBuildFile; fileRef = C7726771243ABE53000FC9C7 /* AnonAppUITests.swift */; };
		C775988B24AFA6280038BB28 /* cloudFunctionManager.swift in Sources */ = {isa = PBXBuildFile; fileRef = C775988A24AFA6280038BB28 /* cloudFunctionManager.swift */; };
		C788018024A299570094BEC9 /* CollectionViewCellFeed.swift in Sources */ = {isa = PBXBuildFile; fileRef = C788017F24A299570094BEC9 /* CollectionViewCellFeed.swift */; };
		C788018224A41D8B0094BEC9 /* CollectionViewCellUser.swift in Sources */ = {isa = PBXBuildFile; fileRef = C788018124A41D8B0094BEC9 /* CollectionViewCellUser.swift */; };
		C788018824A96F250094BEC9 /* SlideAnimatingTransition.swift in Sources */ = {isa = PBXBuildFile; fileRef = C788018724A96F250094BEC9 /* SlideAnimatingTransition.swift */; };
		C788018A24AA16AC0094BEC9 /* UIScrollViewExtensions.swift in Sources */ = {isa = PBXBuildFile; fileRef = C788018924AA16AC0094BEC9 /* UIScrollViewExtensions.swift */; };
		C7A6DF92247F43C1003DA05B /* Menu.swift in Sources */ = {isa = PBXBuildFile; fileRef = C7A6DF91247F43C1003DA05B /* Menu.swift */; };
		C7A6DF94247F547E003DA05B /* MenuCell.swift in Sources */ = {isa = PBXBuildFile; fileRef = C7A6DF93247F547E003DA05B /* MenuCell.swift */; };
		C7A6DF9624804807003DA05B /* UIViewExtension.swift in Sources */ = {isa = PBXBuildFile; fileRef = C7A6DF9524804807003DA05B /* UIViewExtension.swift */; };
		C7A6DF992481C1B1003DA05B /* FirebaseService.swift in Sources */ = {isa = PBXBuildFile; fileRef = C7A6DF982481C1B1003DA05B /* FirebaseService.swift */; };
		C7A6DF9B2481DC91003DA05B /* FirestoreService.swift in Sources */ = {isa = PBXBuildFile; fileRef = C7A6DF9A2481DC91003DA05B /* FirestoreService.swift */; };
		C7A6DF9D2481E83F003DA05B /* FirebaseStorageService.swift in Sources */ = {isa = PBXBuildFile; fileRef = C7A6DF9C2481E83F003DA05B /* FirebaseStorageService.swift */; };
		C7A6DF9F2486C553003DA05B /* CollectionCellCategories.swift in Sources */ = {isa = PBXBuildFile; fileRef = C7A6DF9E2486C553003DA05B /* CollectionCellCategories.swift */; };
		C7A6DFA124887C38003DA05B /* CollectionViewCellChannel.swift in Sources */ = {isa = PBXBuildFile; fileRef = C7A6DFA024887C38003DA05B /* CollectionViewCellChannel.swift */; };
		C7AB9E56252D406C002652EA /* EULAViewController.swift in Sources */ = {isa = PBXBuildFile; fileRef = C7AB9E55252D406C002652EA /* EULAViewController.swift */; };
		C7B1891024C499EA0066D583 /* StringExtension.swift in Sources */ = {isa = PBXBuildFile; fileRef = C7B1890F24C499E90066D583 /* StringExtension.swift */; };
		C7B1891224C7BBFC0066D583 /* HomeNavigationController.swift in Sources */ = {isa = PBXBuildFile; fileRef = C7B1891124C7BBFC0066D583 /* HomeNavigationController.swift */; };
		C7CC6D5C2442056F0038FA7A /* ViewControllerDiscover.swift in Sources */ = {isa = PBXBuildFile; fileRef = C7CC6D5B2442056F0038FA7A /* ViewControllerDiscover.swift */; };
		C7DC6405256A42CA0031B55A /* GoogleService-Info.plist in Resources */ = {isa = PBXBuildFile; fileRef = C7DC6404256A42CA0031B55A /* GoogleService-Info.plist */; };
		C7DC6AE8255E353800F2B6AB /* AmazonDynamoService.swift in Sources */ = {isa = PBXBuildFile; fileRef = C7DC6AE7255E353800F2B6AB /* AmazonDynamoService.swift */; };
		C7DC6B83255F8BA700F2B6AB /* Poll.swift in Sources */ = {isa = PBXBuildFile; fileRef = C7DC6B82255F8BA600F2B6AB /* Poll.swift */; };
		C7E7B1DA244A588900D7847C /* ViewControllerFeed.swift in Sources */ = {isa = PBXBuildFile; fileRef = C7E7B1D9244A588900D7847C /* ViewControllerFeed.swift */; };
		C7E7B1DC244CA2E500D7847C /* Quip.swift in Sources */ = {isa = PBXBuildFile; fileRef = C7E7B1DB244CA2E500D7847C /* Quip.swift */; };
		C7E7B1DE244CA3AB00D7847C /* Channel.swift in Sources */ = {isa = PBXBuildFile; fileRef = C7E7B1DD244CA3AB00D7847C /* Channel.swift */; };
		C7E7B1E0244EE78A00D7847C /* Utilities.swift in Sources */ = {isa = PBXBuildFile; fileRef = C7E7B1DF244EE78A00D7847C /* Utilities.swift */; };
		C7E7B1E2244FBA2300D7847C /* ViewControllerWriteQuip.swift in Sources */ = {isa = PBXBuildFile; fileRef = C7E7B1E1244FBA2300D7847C /* ViewControllerWriteQuip.swift */; };
		C7E7B1E42451205700D7847C /* ViewControllerFavorites.swift in Sources */ = {isa = PBXBuildFile; fileRef = C7E7B1E32451205700D7847C /* ViewControllerFavorites.swift */; };
		C7E7B1E724512C6F00D7847C /* BaseTabBarController.swift in Sources */ = {isa = PBXBuildFile; fileRef = C7E7B1E624512C6F00D7847C /* BaseTabBarController.swift */; };
		C7EC25B42442A98B00827719 /* ImageFunctions.swift in Sources */ = {isa = PBXBuildFile; fileRef = C7EC25B32442A98B00827719 /* ImageFunctions.swift */; };
/* End PBXBuildFile section */

/* Begin PBXContainerItemProxy section */
		C7726763243ABE53000FC9C7 /* PBXContainerItemProxy */ = {
			isa = PBXContainerItemProxy;
			containerPortal = C7726746243ABE4F000FC9C7 /* Project object */;
			proxyType = 1;
			remoteGlobalIDString = C772674D243ABE4F000FC9C7;
			remoteInfo = AnonApp;
		};
		C772676E243ABE53000FC9C7 /* PBXContainerItemProxy */ = {
			isa = PBXContainerItemProxy;
			containerPortal = C7726746243ABE4F000FC9C7 /* Project object */;
			proxyType = 1;
			remoteGlobalIDString = C772674D243ABE4F000FC9C7;
			remoteInfo = AnonApp;
		};
/* End PBXContainerItemProxy section */

/* Begin PBXFileReference section */
		00B28BF1F7689AF99BAA39F7 /* Pods_AnonApp_AnonAppUITests.framework */ = {isa = PBXFileReference; explicitFileType = wrapper.framework; includeInIndex = 0; path = Pods_AnonApp_AnonAppUITests.framework; sourceTree = BUILT_PRODUCTS_DIR; };
		0F34D06613FF4F3B11999CB0 /* Pods_AnonAppTests.framework */ = {isa = PBXFileReference; explicitFileType = wrapper.framework; includeInIndex = 0; path = Pods_AnonAppTests.framework; sourceTree = BUILT_PRODUCTS_DIR; };
		40BA784E87DD4806F358205E /* Pods-AnonApp-AnonAppUITests.debug.xcconfig */ = {isa = PBXFileReference; includeInIndex = 1; lastKnownFileType = text.xcconfig; name = "Pods-AnonApp-AnonAppUITests.debug.xcconfig"; path = "Target Support Files/Pods-AnonApp-AnonAppUITests/Pods-AnonApp-AnonAppUITests.debug.xcconfig"; sourceTree = "<group>"; };
		532A6733D10563B5BE5471DA /* Pods-AnonApp-AnonAppUITests.release.xcconfig */ = {isa = PBXFileReference; includeInIndex = 1; lastKnownFileType = text.xcconfig; name = "Pods-AnonApp-AnonAppUITests.release.xcconfig"; path = "Target Support Files/Pods-AnonApp-AnonAppUITests/Pods-AnonApp-AnonAppUITests.release.xcconfig"; sourceTree = "<group>"; };
		764BDF806E8EF2D6E89B04DF /* Pods_AnonApp.framework */ = {isa = PBXFileReference; explicitFileType = wrapper.framework; includeInIndex = 0; path = Pods_AnonApp.framework; sourceTree = BUILT_PRODUCTS_DIR; };
		7B4F0A11B9B1B0E60DB8EEBA /* Pods-AnonAppTests.debug.xcconfig */ = {isa = PBXFileReference; includeInIndex = 1; lastKnownFileType = text.xcconfig; name = "Pods-AnonAppTests.debug.xcconfig"; path = "Target Support Files/Pods-AnonAppTests/Pods-AnonAppTests.debug.xcconfig"; sourceTree = "<group>"; };
		ABEC6DF16102F9DB4CDCE209 /* Pods-AnonApp.debug.xcconfig */ = {isa = PBXFileReference; includeInIndex = 1; lastKnownFileType = text.xcconfig; name = "Pods-AnonApp.debug.xcconfig"; path = "Target Support Files/Pods-AnonApp/Pods-AnonApp.debug.xcconfig"; sourceTree = "<group>"; };
		C55DE25DB7A4F2566C32ADDB /* Pods-AnonApp.release.xcconfig */ = {isa = PBXFileReference; includeInIndex = 1; lastKnownFileType = text.xcconfig; name = "Pods-AnonApp.release.xcconfig"; path = "Target Support Files/Pods-AnonApp/Pods-AnonApp.release.xcconfig"; sourceTree = "<group>"; };
		C70C8E3024B526B100E73741 /* Assets.xcassets */ = {isa = PBXFileReference; lastKnownFileType = folder.assetcatalog; path = Assets.xcassets; sourceTree = "<group>"; };
		C70C8E3224B66D1200E73741 /* ViewControllerPrivacyPolicy.swift */ = {isa = PBXFileReference; lastKnownFileType = sourcecode.swift; path = ViewControllerPrivacyPolicy.swift; sourceTree = "<group>"; };
		C715100E256C62F400FBD605 /* VerifyViewController.swift */ = {isa = PBXFileReference; lastKnownFileType = sourcecode.swift; path = VerifyViewController.swift; sourceTree = "<group>"; };
		C723E655253BD8750051C853 /* WelcomeViewController.swift */ = {isa = PBXFileReference; lastKnownFileType = sourcecode.swift; path = WelcomeViewController.swift; sourceTree = "<group>"; };
		C7371699255855FB00FA9A11 /* RedeemViewController.swift */ = {isa = PBXFileReference; lastKnownFileType = sourcecode.swift; path = RedeemViewController.swift; sourceTree = "<group>"; };
		C73716CD255B568B00FA9A11 /* pollStack.swift */ = {isa = PBXFileReference; lastKnownFileType = sourcecode.swift; path = pollStack.swift; sourceTree = "<group>"; };
		C73A5F5224F5C9560063B329 /* ViewControllerStudentSections.swift */ = {isa = PBXFileReference; lastKnownFileType = sourcecode.swift; path = ViewControllerStudentSections.swift; sourceTree = "<group>"; };
		C73A5F5424F5D2B70063B329 /* University.swift */ = {isa = PBXFileReference; lastKnownFileType = sourcecode.swift; path = University.swift; sourceTree = "<group>"; };
		C73A5F5A24F740E10063B329 /* ViewControllerCreateAccount.swift */ = {isa = PBXFileReference; lastKnownFileType = sourcecode.swift; path = ViewControllerCreateAccount.swift; sourceTree = "<group>"; };
		C73AA0C82453ACEF000C27B9 /* ViewControllerCategories.swift */ = {isa = PBXFileReference; lastKnownFileType = sourcecode.swift; path = ViewControllerCategories.swift; sourceTree = "<group>"; };
		C73AA0CA2453BC66000C27B9 /* Category.swift */ = {isa = PBXFileReference; lastKnownFileType = sourcecode.swift; path = Category.swift; sourceTree = "<group>"; };
		C73AA0CC2454B451000C27B9 /* ViewControllerUser.swift */ = {isa = PBXFileReference; lastKnownFileType = sourcecode.swift; path = ViewControllerUser.swift; sourceTree = "<group>"; };
		C73AA0CE2454CB43000C27B9 /* ViewControllerQuip.swift */ = {isa = PBXFileReference; lastKnownFileType = sourcecode.swift; path = ViewControllerQuip.swift; sourceTree = "<group>"; };
		C754EE6024DCE0F00047F669 /* GlobalVars.swift */ = {isa = PBXFileReference; lastKnownFileType = sourcecode.swift; path = GlobalVars.swift; sourceTree = "<group>"; };
		C756A1232495581B0066208D /* ViewControllerAddFavsOne.swift */ = {isa = PBXFileReference; lastKnownFileType = sourcecode.swift; path = ViewControllerAddFavsOne.swift; sourceTree = "<group>"; };
		C756A1252495584A0066208D /* ViewControllerAddFavsTwo.swift */ = {isa = PBXFileReference; lastKnownFileType = sourcecode.swift; path = ViewControllerAddFavsTwo.swift; sourceTree = "<group>"; };
		C7575C2924C107CF003BFF1E /* AnonApp.entitlements */ = {isa = PBXFileReference; lastKnownFileType = text.plist.entitlements; path = AnonApp.entitlements; sourceTree = "<group>"; };
		C7575C2A24C3330C003BFF1E /* UIColorExtension.swift */ = {isa = PBXFileReference; lastKnownFileType = sourcecode.swift; path = UIColorExtension.swift; sourceTree = "<group>"; };
		C75942BF247CA46300ED8223 /* ViewControllerExtensions.swift */ = {isa = PBXFileReference; lastKnownFileType = sourcecode.swift; path = ViewControllerExtensions.swift; sourceTree = "<group>"; };
		C75942C1247CA49F00ED8223 /* UIButtonExtensions.swift */ = {isa = PBXFileReference; lastKnownFileType = sourcecode.swift; path = UIButtonExtensions.swift; sourceTree = "<group>"; };
		C75942C3247CA52B00ED8223 /* CustomTableCells.swift */ = {isa = PBXFileReference; lastKnownFileType = sourcecode.swift; path = CustomTableCells.swift; sourceTree = "<group>"; };
		C76C374624CBC992001777BF /* Colors.swift */ = {isa = PBXFileReference; lastKnownFileType = sourcecode.swift; path = Colors.swift; sourceTree = "<group>"; };
		C76C623124D3956700FA7A69 /* Constants.swift */ = {isa = PBXFileReference; lastKnownFileType = sourcecode.swift; path = Constants.swift; sourceTree = "<group>"; };
		C76C623324D3A8E500FA7A69 /* NetworkExtension.framework */ = {isa = PBXFileReference; lastKnownFileType = wrapper.framework; name = NetworkExtension.framework; path = System/Library/Frameworks/NetworkExtension.framework; sourceTree = SDKROOT; };
		C772674E243ABE4F000FC9C7 /* Nut House.app */ = {isa = PBXFileReference; explicitFileType = wrapper.application; includeInIndex = 0; path = "Nut House.app"; sourceTree = BUILT_PRODUCTS_DIR; };
		C7726751243ABE4F000FC9C7 /* AppDelegate.swift */ = {isa = PBXFileReference; lastKnownFileType = sourcecode.swift; path = AppDelegate.swift; sourceTree = "<group>"; };
		C7726756243ABE4F000FC9C7 /* Base */ = {isa = PBXFileReference; lastKnownFileType = file.storyboard; name = Base; path = Base.lproj/Main.storyboard; sourceTree = "<group>"; };
		C772675B243ABE52000FC9C7 /* Base */ = {isa = PBXFileReference; lastKnownFileType = file.storyboard; name = Base; path = Base.lproj/LaunchScreen.storyboard; sourceTree = "<group>"; };
		C772675D243ABE52000FC9C7 /* Info.plist */ = {isa = PBXFileReference; lastKnownFileType = text.plist.xml; path = Info.plist; sourceTree = "<group>"; };
		C7726762243ABE53000FC9C7 /* AnonAppTests.xctest */ = {isa = PBXFileReference; explicitFileType = wrapper.cfbundle; includeInIndex = 0; path = AnonAppTests.xctest; sourceTree = BUILT_PRODUCTS_DIR; };
		C7726766243ABE53000FC9C7 /* AnonAppTests.swift */ = {isa = PBXFileReference; lastKnownFileType = sourcecode.swift; path = AnonAppTests.swift; sourceTree = "<group>"; };
		C7726768243ABE53000FC9C7 /* Info.plist */ = {isa = PBXFileReference; lastKnownFileType = text.plist.xml; path = Info.plist; sourceTree = "<group>"; };
		C772676D243ABE53000FC9C7 /* AnonAppUITests.xctest */ = {isa = PBXFileReference; explicitFileType = wrapper.cfbundle; includeInIndex = 0; path = AnonAppUITests.xctest; sourceTree = BUILT_PRODUCTS_DIR; };
		C7726771243ABE53000FC9C7 /* AnonAppUITests.swift */ = {isa = PBXFileReference; lastKnownFileType = sourcecode.swift; path = AnonAppUITests.swift; sourceTree = "<group>"; };
		C7726773243ABE53000FC9C7 /* Info.plist */ = {isa = PBXFileReference; lastKnownFileType = text.plist.xml; path = Info.plist; sourceTree = "<group>"; };
		C775988A24AFA6280038BB28 /* cloudFunctionManager.swift */ = {isa = PBXFileReference; lastKnownFileType = sourcecode.swift; path = cloudFunctionManager.swift; sourceTree = "<group>"; };
		C788017F24A299570094BEC9 /* CollectionViewCellFeed.swift */ = {isa = PBXFileReference; lastKnownFileType = sourcecode.swift; path = CollectionViewCellFeed.swift; sourceTree = "<group>"; };
		C788018124A41D8B0094BEC9 /* CollectionViewCellUser.swift */ = {isa = PBXFileReference; lastKnownFileType = sourcecode.swift; path = CollectionViewCellUser.swift; sourceTree = "<group>"; };
		C788018724A96F250094BEC9 /* SlideAnimatingTransition.swift */ = {isa = PBXFileReference; lastKnownFileType = sourcecode.swift; path = SlideAnimatingTransition.swift; sourceTree = "<group>"; };
		C788018924AA16AC0094BEC9 /* UIScrollViewExtensions.swift */ = {isa = PBXFileReference; lastKnownFileType = sourcecode.swift; path = UIScrollViewExtensions.swift; sourceTree = "<group>"; };
		C7A6DF91247F43C1003DA05B /* Menu.swift */ = {isa = PBXFileReference; lastKnownFileType = sourcecode.swift; path = Menu.swift; sourceTree = "<group>"; };
		C7A6DF93247F547E003DA05B /* MenuCell.swift */ = {isa = PBXFileReference; lastKnownFileType = sourcecode.swift; path = MenuCell.swift; sourceTree = "<group>"; };
		C7A6DF9524804807003DA05B /* UIViewExtension.swift */ = {isa = PBXFileReference; lastKnownFileType = sourcecode.swift; path = UIViewExtension.swift; sourceTree = "<group>"; };
		C7A6DF982481C1B1003DA05B /* FirebaseService.swift */ = {isa = PBXFileReference; lastKnownFileType = sourcecode.swift; path = FirebaseService.swift; sourceTree = "<group>"; };
		C7A6DF9A2481DC91003DA05B /* FirestoreService.swift */ = {isa = PBXFileReference; lastKnownFileType = sourcecode.swift; path = FirestoreService.swift; sourceTree = "<group>"; };
		C7A6DF9C2481E83F003DA05B /* FirebaseStorageService.swift */ = {isa = PBXFileReference; lastKnownFileType = sourcecode.swift; path = FirebaseStorageService.swift; sourceTree = "<group>"; };
		C7A6DF9E2486C553003DA05B /* CollectionCellCategories.swift */ = {isa = PBXFileReference; lastKnownFileType = sourcecode.swift; path = CollectionCellCategories.swift; sourceTree = "<group>"; };
		C7A6DFA024887C38003DA05B /* CollectionViewCellChannel.swift */ = {isa = PBXFileReference; lastKnownFileType = sourcecode.swift; path = CollectionViewCellChannel.swift; sourceTree = "<group>"; };
		C7AB9E55252D406C002652EA /* EULAViewController.swift */ = {isa = PBXFileReference; lastKnownFileType = sourcecode.swift; path = EULAViewController.swift; sourceTree = "<group>"; };
		C7B1890F24C499E90066D583 /* StringExtension.swift */ = {isa = PBXFileReference; lastKnownFileType = sourcecode.swift; path = StringExtension.swift; sourceTree = "<group>"; };
		C7B1891124C7BBFC0066D583 /* HomeNavigationController.swift */ = {isa = PBXFileReference; lastKnownFileType = sourcecode.swift; path = HomeNavigationController.swift; sourceTree = "<group>"; };
		C7CC6D5B2442056F0038FA7A /* ViewControllerDiscover.swift */ = {isa = PBXFileReference; lastKnownFileType = sourcecode.swift; path = ViewControllerDiscover.swift; sourceTree = "<group>"; };
		C7DC6404256A42CA0031B55A /* GoogleService-Info.plist */ = {isa = PBXFileReference; fileEncoding = 4; lastKnownFileType = text.plist.xml; name = "GoogleService-Info.plist"; path = "../../GoogleService-Info.plist"; sourceTree = "<group>"; };
		C7DC6AE7255E353800F2B6AB /* AmazonDynamoService.swift */ = {isa = PBXFileReference; lastKnownFileType = sourcecode.swift; path = AmazonDynamoService.swift; sourceTree = "<group>"; };
		C7DC6B82255F8BA600F2B6AB /* Poll.swift */ = {isa = PBXFileReference; lastKnownFileType = sourcecode.swift; path = Poll.swift; sourceTree = "<group>"; };
		C7E7B1D9244A588900D7847C /* ViewControllerFeed.swift */ = {isa = PBXFileReference; lastKnownFileType = sourcecode.swift; path = ViewControllerFeed.swift; sourceTree = "<group>"; };
		C7E7B1DB244CA2E500D7847C /* Quip.swift */ = {isa = PBXFileReference; lastKnownFileType = sourcecode.swift; path = Quip.swift; sourceTree = "<group>"; };
		C7E7B1DD244CA3AB00D7847C /* Channel.swift */ = {isa = PBXFileReference; lastKnownFileType = sourcecode.swift; path = Channel.swift; sourceTree = "<group>"; };
		C7E7B1DF244EE78A00D7847C /* Utilities.swift */ = {isa = PBXFileReference; lastKnownFileType = sourcecode.swift; path = Utilities.swift; sourceTree = "<group>"; };
		C7E7B1E1244FBA2300D7847C /* ViewControllerWriteQuip.swift */ = {isa = PBXFileReference; lastKnownFileType = sourcecode.swift; path = ViewControllerWriteQuip.swift; sourceTree = "<group>"; };
		C7E7B1E32451205700D7847C /* ViewControllerFavorites.swift */ = {isa = PBXFileReference; lastKnownFileType = sourcecode.swift; path = ViewControllerFavorites.swift; sourceTree = "<group>"; };
		C7E7B1E624512C6F00D7847C /* BaseTabBarController.swift */ = {isa = PBXFileReference; lastKnownFileType = sourcecode.swift; path = BaseTabBarController.swift; sourceTree = "<group>"; };
		C7EC25B32442A98B00827719 /* ImageFunctions.swift */ = {isa = PBXFileReference; lastKnownFileType = sourcecode.swift; path = ImageFunctions.swift; sourceTree = "<group>"; };
		FF7D8F1CD815F19356AEBF55 /* Pods-AnonAppTests.release.xcconfig */ = {isa = PBXFileReference; includeInIndex = 1; lastKnownFileType = text.xcconfig; name = "Pods-AnonAppTests.release.xcconfig"; path = "Target Support Files/Pods-AnonAppTests/Pods-AnonAppTests.release.xcconfig"; sourceTree = "<group>"; };
/* End PBXFileReference section */

/* Begin PBXFrameworksBuildPhase section */
		C772674B243ABE4F000FC9C7 /* Frameworks */ = {
			isa = PBXFrameworksBuildPhase;
			buildActionMask = 2147483647;
			files = (
				C76C623424D3A8E500FA7A69 /* NetworkExtension.framework in Frameworks */,
				66CA67A59FE8AD9CBAFA01B2 /* Pods_AnonApp.framework in Frameworks */,
			);
			runOnlyForDeploymentPostprocessing = 0;
		};
		C772675F243ABE53000FC9C7 /* Frameworks */ = {
			isa = PBXFrameworksBuildPhase;
			buildActionMask = 2147483647;
			files = (
				575AD0C6C606BF68236CFFEF /* Pods_AnonAppTests.framework in Frameworks */,
			);
			runOnlyForDeploymentPostprocessing = 0;
		};
		C772676A243ABE53000FC9C7 /* Frameworks */ = {
			isa = PBXFrameworksBuildPhase;
			buildActionMask = 2147483647;
			files = (
				38FA259EBDC2CC8B84EE6239 /* Pods_AnonApp_AnonAppUITests.framework in Frameworks */,
			);
			runOnlyForDeploymentPostprocessing = 0;
		};
/* End PBXFrameworksBuildPhase section */

/* Begin PBXGroup section */
		9414D831F5EF3252D7DADE90 /* Pods */ = {
			isa = PBXGroup;
			children = (
				ABEC6DF16102F9DB4CDCE209 /* Pods-AnonApp.debug.xcconfig */,
				C55DE25DB7A4F2566C32ADDB /* Pods-AnonApp.release.xcconfig */,
				40BA784E87DD4806F358205E /* Pods-AnonApp-AnonAppUITests.debug.xcconfig */,
				532A6733D10563B5BE5471DA /* Pods-AnonApp-AnonAppUITests.release.xcconfig */,
				7B4F0A11B9B1B0E60DB8EEBA /* Pods-AnonAppTests.debug.xcconfig */,
				FF7D8F1CD815F19356AEBF55 /* Pods-AnonAppTests.release.xcconfig */,
			);
			path = Pods;
			sourceTree = "<group>";
		};
		C75942C5247CBC3000ED8223 /* Navigation Controllers */ = {
			isa = PBXGroup;
			children = (
				C7B1891124C7BBFC0066D583 /* HomeNavigationController.swift */,
			);
			path = "Navigation Controllers";
			sourceTree = "<group>";
		};
		C7726745243ABE4F000FC9C7 = {
			isa = PBXGroup;
			children = (
				C7726750243ABE4F000FC9C7 /* AnonApp */,
				C7726765243ABE53000FC9C7 /* AnonAppTests */,
				C7726770243ABE53000FC9C7 /* AnonAppUITests */,
				C772674F243ABE4F000FC9C7 /* Products */,
				9414D831F5EF3252D7DADE90 /* Pods */,
				D5291F833FAA881C3EFDE2BD /* Frameworks */,
			);
			sourceTree = "<group>";
		};
		C772674F243ABE4F000FC9C7 /* Products */ = {
			isa = PBXGroup;
			children = (
				C772674E243ABE4F000FC9C7 /* Nut House.app */,
				C7726762243ABE53000FC9C7 /* AnonAppTests.xctest */,
				C772676D243ABE53000FC9C7 /* AnonAppUITests.xctest */,
			);
			name = Products;
			sourceTree = "<group>";
		};
		C7726750243ABE4F000FC9C7 /* AnonApp */ = {
			isa = PBXGroup;
			children = (
				C7575C2924C107CF003BFF1E /* AnonApp.entitlements */,
				C7A6DF972481C182003DA05B /* Database Service */,
				C75942C5247CBC3000ED8223 /* Navigation Controllers */,
				C7E7B1E924512C9100D7847C /* Modules */,
				C7E7B1E824512C7500D7847C /* Classes */,
				C7E7B1E524512C0B00D7847C /* ViewControllers */,
				C7726751243ABE4F000FC9C7 /* AppDelegate.swift */,
				C7726755243ABE4F000FC9C7 /* Main.storyboard */,
				C70C8E3024B526B100E73741 /* Assets.xcassets */,
				C772675A243ABE52000FC9C7 /* LaunchScreen.storyboard */,
				C772675D243ABE52000FC9C7 /* Info.plist */,
				C7DC6404256A42CA0031B55A /* GoogleService-Info.plist */,
			);
			path = AnonApp;
			sourceTree = "<group>";
		};
		C7726765243ABE53000FC9C7 /* AnonAppTests */ = {
			isa = PBXGroup;
			children = (
				C7726766243ABE53000FC9C7 /* AnonAppTests.swift */,
				C7726768243ABE53000FC9C7 /* Info.plist */,
			);
			path = AnonAppTests;
			sourceTree = "<group>";
		};
		C7726770243ABE53000FC9C7 /* AnonAppUITests */ = {
			isa = PBXGroup;
			children = (
				C7726771243ABE53000FC9C7 /* AnonAppUITests.swift */,
				C7726773243ABE53000FC9C7 /* Info.plist */,
			);
			path = AnonAppUITests;
			sourceTree = "<group>";
		};
		C7A6DF972481C182003DA05B /* Database Service */ = {
			isa = PBXGroup;
			children = (
				C7A6DF982481C1B1003DA05B /* FirebaseService.swift */,
				C7A6DF9A2481DC91003DA05B /* FirestoreService.swift */,
				C7A6DF9C2481E83F003DA05B /* FirebaseStorageService.swift */,
				C775988A24AFA6280038BB28 /* cloudFunctionManager.swift */,
				C7DC6AE7255E353800F2B6AB /* AmazonDynamoService.swift */,
			);
			path = "Database Service";
			sourceTree = "<group>";
		};
		C7E7B1E524512C0B00D7847C /* ViewControllers */ = {
			isa = PBXGroup;
			children = (
				C7E7B1E624512C6F00D7847C /* BaseTabBarController.swift */,
				C7CC6D5B2442056F0038FA7A /* ViewControllerDiscover.swift */,
				C7E7B1D9244A588900D7847C /* ViewControllerFeed.swift */,
				C7E7B1E1244FBA2300D7847C /* ViewControllerWriteQuip.swift */,
				C7E7B1E32451205700D7847C /* ViewControllerFavorites.swift */,
				C73AA0C82453ACEF000C27B9 /* ViewControllerCategories.swift */,
				C73AA0CC2454B451000C27B9 /* ViewControllerUser.swift */,
				C73AA0CE2454CB43000C27B9 /* ViewControllerQuip.swift */,
				C756A1232495581B0066208D /* ViewControllerAddFavsOne.swift */,
				C756A1252495584A0066208D /* ViewControllerAddFavsTwo.swift */,
				C70C8E3224B66D1200E73741 /* ViewControllerPrivacyPolicy.swift */,
				C73A5F5224F5C9560063B329 /* ViewControllerStudentSections.swift */,
				C73A5F5A24F740E10063B329 /* ViewControllerCreateAccount.swift */,
				C7AB9E55252D406C002652EA /* EULAViewController.swift */,
				C723E655253BD8750051C853 /* WelcomeViewController.swift */,
				C7371699255855FB00FA9A11 /* RedeemViewController.swift */,
				C715100E256C62F400FBD605 /* VerifyViewController.swift */,
			);
			path = ViewControllers;
			sourceTree = "<group>";
		};
		C7E7B1E824512C7500D7847C /* Classes */ = {
			isa = PBXGroup;
			children = (
				C7E7B1DB244CA2E500D7847C /* Quip.swift */,
				C7E7B1DD244CA3AB00D7847C /* Channel.swift */,
				C73AA0CA2453BC66000C27B9 /* Category.swift */,
				C73A5F5424F5D2B70063B329 /* University.swift */,
				C7DC6B82255F8BA600F2B6AB /* Poll.swift */,
			);
			path = Classes;
			sourceTree = "<group>";
		};
		C7E7B1E924512C9100D7847C /* Modules */ = {
			isa = PBXGroup;
			children = (
				C7E7B1DF244EE78A00D7847C /* Utilities.swift */,
				C75942BF247CA46300ED8223 /* ViewControllerExtensions.swift */,
				C75942C1247CA49F00ED8223 /* UIButtonExtensions.swift */,
				C75942C3247CA52B00ED8223 /* CustomTableCells.swift */,
				C7EC25B32442A98B00827719 /* ImageFunctions.swift */,
				C7A6DF9E2486C553003DA05B /* CollectionCellCategories.swift */,
				C7A6DF91247F43C1003DA05B /* Menu.swift */,
				C7A6DF93247F547E003DA05B /* MenuCell.swift */,
				C7A6DF9524804807003DA05B /* UIViewExtension.swift */,
				C7A6DFA024887C38003DA05B /* CollectionViewCellChannel.swift */,
				C788017F24A299570094BEC9 /* CollectionViewCellFeed.swift */,
				C788018124A41D8B0094BEC9 /* CollectionViewCellUser.swift */,
				C788018724A96F250094BEC9 /* SlideAnimatingTransition.swift */,
				C788018924AA16AC0094BEC9 /* UIScrollViewExtensions.swift */,
				C7575C2A24C3330C003BFF1E /* UIColorExtension.swift */,
				C7B1890F24C499E90066D583 /* StringExtension.swift */,
				C76C374624CBC992001777BF /* Colors.swift */,
				C76C623124D3956700FA7A69 /* Constants.swift */,
				C754EE6024DCE0F00047F669 /* GlobalVars.swift */,
				C73716CD255B568B00FA9A11 /* pollStack.swift */,
			);
			path = Modules;
			sourceTree = "<group>";
		};
		D5291F833FAA881C3EFDE2BD /* Frameworks */ = {
			isa = PBXGroup;
			children = (
				C76C623324D3A8E500FA7A69 /* NetworkExtension.framework */,
				764BDF806E8EF2D6E89B04DF /* Pods_AnonApp.framework */,
				00B28BF1F7689AF99BAA39F7 /* Pods_AnonApp_AnonAppUITests.framework */,
				0F34D06613FF4F3B11999CB0 /* Pods_AnonAppTests.framework */,
			);
			name = Frameworks;
			sourceTree = "<group>";
		};
/* End PBXGroup section */

/* Begin PBXNativeTarget section */
		C772674D243ABE4F000FC9C7 /* AnonApp */ = {
			isa = PBXNativeTarget;
			buildConfigurationList = C7726776243ABE53000FC9C7 /* Build configuration list for PBXNativeTarget "AnonApp" */;
			buildPhases = (
				FCFC8F3FBCD0E6D0D21A526A /* [CP] Check Pods Manifest.lock */,
				C772674A243ABE4F000FC9C7 /* Sources */,
				C772674B243ABE4F000FC9C7 /* Frameworks */,
				C772674C243ABE4F000FC9C7 /* Resources */,
				C7EC25A82442255700827719 /* ShellScript */,
				D83C09BBB4C84EA2AB8E902E /* [CP] Embed Pods Frameworks */,
			);
			buildRules = (
			);
			dependencies = (
			);
			name = AnonApp;
			productName = AnonApp;
			productReference = C772674E243ABE4F000FC9C7 /* Nut House.app */;
			productType = "com.apple.product-type.application";
		};
		C7726761243ABE53000FC9C7 /* AnonAppTests */ = {
			isa = PBXNativeTarget;
			buildConfigurationList = C7726779243ABE53000FC9C7 /* Build configuration list for PBXNativeTarget "AnonAppTests" */;
			buildPhases = (
				008718C6291C726562572166 /* [CP] Check Pods Manifest.lock */,
				C772675E243ABE53000FC9C7 /* Sources */,
				C772675F243ABE53000FC9C7 /* Frameworks */,
				C7726760243ABE53000FC9C7 /* Resources */,
			);
			buildRules = (
			);
			dependencies = (
				C7726764243ABE53000FC9C7 /* PBXTargetDependency */,
			);
			name = AnonAppTests;
			productName = AnonAppTests;
			productReference = C7726762243ABE53000FC9C7 /* AnonAppTests.xctest */;
			productType = "com.apple.product-type.bundle.unit-test";
		};
		C772676C243ABE53000FC9C7 /* AnonAppUITests */ = {
			isa = PBXNativeTarget;
			buildConfigurationList = C772677C243ABE53000FC9C7 /* Build configuration list for PBXNativeTarget "AnonAppUITests" */;
			buildPhases = (
				A61105006F6085C7E2D3F8DE /* [CP] Check Pods Manifest.lock */,
				C7726769243ABE53000FC9C7 /* Sources */,
				C772676A243ABE53000FC9C7 /* Frameworks */,
				C772676B243ABE53000FC9C7 /* Resources */,
				9D0B7269FC03486058D75949 /* [CP] Embed Pods Frameworks */,
			);
			buildRules = (
			);
			dependencies = (
				C772676F243ABE53000FC9C7 /* PBXTargetDependency */,
			);
			name = AnonAppUITests;
			productName = AnonAppUITests;
			productReference = C772676D243ABE53000FC9C7 /* AnonAppUITests.xctest */;
			productType = "com.apple.product-type.bundle.ui-testing";
		};
/* End PBXNativeTarget section */

/* Begin PBXProject section */
		C7726746243ABE4F000FC9C7 /* Project object */ = {
			isa = PBXProject;
			attributes = {
				LastSwiftUpdateCheck = 0930;
				LastUpgradeCheck = 1150;
				ORGANIZATIONNAME = "Matthew Capriotti";
				TargetAttributes = {
					C772674D243ABE4F000FC9C7 = {
						CreatedOnToolsVersion = 9.3;
					};
					C7726761243ABE53000FC9C7 = {
						CreatedOnToolsVersion = 9.3;
						LastSwiftMigration = 1150;
						TestTargetID = C772674D243ABE4F000FC9C7;
					};
					C772676C243ABE53000FC9C7 = {
						CreatedOnToolsVersion = 9.3;
						LastSwiftMigration = 1150;
						TestTargetID = C772674D243ABE4F000FC9C7;
					};
				};
			};
			buildConfigurationList = C7726749243ABE4F000FC9C7 /* Build configuration list for PBXProject "AnonApp" */;
			compatibilityVersion = "Xcode 9.3";
			developmentRegion = en;
			hasScannedForEncodings = 0;
			knownRegions = (
				en,
				Base,
			);
			mainGroup = C7726745243ABE4F000FC9C7;
			productRefGroup = C772674F243ABE4F000FC9C7 /* Products */;
			projectDirPath = "";
			projectRoot = "";
			targets = (
				C772674D243ABE4F000FC9C7 /* AnonApp */,
				C7726761243ABE53000FC9C7 /* AnonAppTests */,
				C772676C243ABE53000FC9C7 /* AnonAppUITests */,
			);
		};
/* End PBXProject section */

/* Begin PBXResourcesBuildPhase section */
		C772674C243ABE4F000FC9C7 /* Resources */ = {
			isa = PBXResourcesBuildPhase;
			buildActionMask = 2147483647;
			files = (
				C772675C243ABE52000FC9C7 /* LaunchScreen.storyboard in Resources */,
				C7DC6405256A42CA0031B55A /* GoogleService-Info.plist in Resources */,
				C70C8E3124B526B300E73741 /* Assets.xcassets in Resources */,
				C7726757243ABE4F000FC9C7 /* Main.storyboard in Resources */,
			);
			runOnlyForDeploymentPostprocessing = 0;
		};
		C7726760243ABE53000FC9C7 /* Resources */ = {
			isa = PBXResourcesBuildPhase;
			buildActionMask = 2147483647;
			files = (
			);
			runOnlyForDeploymentPostprocessing = 0;
		};
		C772676B243ABE53000FC9C7 /* Resources */ = {
			isa = PBXResourcesBuildPhase;
			buildActionMask = 2147483647;
			files = (
			);
			runOnlyForDeploymentPostprocessing = 0;
		};
/* End PBXResourcesBuildPhase section */

/* Begin PBXShellScriptBuildPhase section */
		008718C6291C726562572166 /* [CP] Check Pods Manifest.lock */ = {
			isa = PBXShellScriptBuildPhase;
			buildActionMask = 2147483647;
			files = (
			);
			inputFileListPaths = (
			);
			inputPaths = (
				"${PODS_PODFILE_DIR_PATH}/Podfile.lock",
				"${PODS_ROOT}/Manifest.lock",
			);
			name = "[CP] Check Pods Manifest.lock";
			outputFileListPaths = (
			);
			outputPaths = (
				"$(DERIVED_FILE_DIR)/Pods-AnonAppTests-checkManifestLockResult.txt",
			);
			runOnlyForDeploymentPostprocessing = 0;
			shellPath = /bin/sh;
			shellScript = "diff \"${PODS_PODFILE_DIR_PATH}/Podfile.lock\" \"${PODS_ROOT}/Manifest.lock\" > /dev/null\nif [ $? != 0 ] ; then\n    # print error to STDERR\n    echo \"error: The sandbox is not in sync with the Podfile.lock. Run 'pod install' or update your CocoaPods installation.\" >&2\n    exit 1\nfi\n# This output is used by Xcode 'outputs' to avoid re-running this script phase.\necho \"SUCCESS\" > \"${SCRIPT_OUTPUT_FILE_0}\"\n";
			showEnvVarsInLog = 0;
		};
		9D0B7269FC03486058D75949 /* [CP] Embed Pods Frameworks */ = {
			isa = PBXShellScriptBuildPhase;
			buildActionMask = 2147483647;
			files = (
			);
			inputFileListPaths = (
				"${PODS_ROOT}/Target Support Files/Pods-AnonApp-AnonAppUITests/Pods-AnonApp-AnonAppUITests-frameworks-${CONFIGURATION}-input-files.xcfilelist",
			);
			name = "[CP] Embed Pods Frameworks";
			outputFileListPaths = (
				"${PODS_ROOT}/Target Support Files/Pods-AnonApp-AnonAppUITests/Pods-AnonApp-AnonAppUITests-frameworks-${CONFIGURATION}-output-files.xcfilelist",
			);
			runOnlyForDeploymentPostprocessing = 0;
			shellPath = /bin/sh;
			shellScript = "\"${PODS_ROOT}/Target Support Files/Pods-AnonApp-AnonAppUITests/Pods-AnonApp-AnonAppUITests-frameworks.sh\"\n";
			showEnvVarsInLog = 0;
		};
		A61105006F6085C7E2D3F8DE /* [CP] Check Pods Manifest.lock */ = {
			isa = PBXShellScriptBuildPhase;
			buildActionMask = 2147483647;
			files = (
			);
			inputFileListPaths = (
			);
			inputPaths = (
				"${PODS_PODFILE_DIR_PATH}/Podfile.lock",
				"${PODS_ROOT}/Manifest.lock",
			);
			name = "[CP] Check Pods Manifest.lock";
			outputFileListPaths = (
			);
			outputPaths = (
				"$(DERIVED_FILE_DIR)/Pods-AnonApp-AnonAppUITests-checkManifestLockResult.txt",
			);
			runOnlyForDeploymentPostprocessing = 0;
			shellPath = /bin/sh;
			shellScript = "diff \"${PODS_PODFILE_DIR_PATH}/Podfile.lock\" \"${PODS_ROOT}/Manifest.lock\" > /dev/null\nif [ $? != 0 ] ; then\n    # print error to STDERR\n    echo \"error: The sandbox is not in sync with the Podfile.lock. Run 'pod install' or update your CocoaPods installation.\" >&2\n    exit 1\nfi\n# This output is used by Xcode 'outputs' to avoid re-running this script phase.\necho \"SUCCESS\" > \"${SCRIPT_OUTPUT_FILE_0}\"\n";
			showEnvVarsInLog = 0;
		};
		C7EC25A82442255700827719 /* ShellScript */ = {
			isa = PBXShellScriptBuildPhase;
			buildActionMask = 2147483647;
			files = (
			);
			inputFileListPaths = (
			);
			inputPaths = (
			);
			outputFileListPaths = (
			);
			outputPaths = (
			);
			runOnlyForDeploymentPostprocessing = 0;
			shellPath = /bin/sh;
			shellScript = "# Type a script or drag a script file from your workspace to insert its path.\n\"${PODS_ROOT}/FirebaseCrashlytics/run\"\n";
		};
		D83C09BBB4C84EA2AB8E902E /* [CP] Embed Pods Frameworks */ = {
			isa = PBXShellScriptBuildPhase;
			buildActionMask = 2147483647;
			files = (
			);
			inputFileListPaths = (
				"${PODS_ROOT}/Target Support Files/Pods-AnonApp/Pods-AnonApp-frameworks-${CONFIGURATION}-input-files.xcfilelist",
			);
			name = "[CP] Embed Pods Frameworks";
			outputFileListPaths = (
				"${PODS_ROOT}/Target Support Files/Pods-AnonApp/Pods-AnonApp-frameworks-${CONFIGURATION}-output-files.xcfilelist",
			);
			runOnlyForDeploymentPostprocessing = 0;
			shellPath = /bin/sh;
			shellScript = "\"${PODS_ROOT}/Target Support Files/Pods-AnonApp/Pods-AnonApp-frameworks.sh\"\n";
			showEnvVarsInLog = 0;
		};
		FCFC8F3FBCD0E6D0D21A526A /* [CP] Check Pods Manifest.lock */ = {
			isa = PBXShellScriptBuildPhase;
			buildActionMask = 2147483647;
			files = (
			);
			inputFileListPaths = (
			);
			inputPaths = (
				"${PODS_PODFILE_DIR_PATH}/Podfile.lock",
				"${PODS_ROOT}/Manifest.lock",
			);
			name = "[CP] Check Pods Manifest.lock";
			outputFileListPaths = (
			);
			outputPaths = (
				"$(DERIVED_FILE_DIR)/Pods-AnonApp-checkManifestLockResult.txt",
			);
			runOnlyForDeploymentPostprocessing = 0;
			shellPath = /bin/sh;
			shellScript = "diff \"${PODS_PODFILE_DIR_PATH}/Podfile.lock\" \"${PODS_ROOT}/Manifest.lock\" > /dev/null\nif [ $? != 0 ] ; then\n    # print error to STDERR\n    echo \"error: The sandbox is not in sync with the Podfile.lock. Run 'pod install' or update your CocoaPods installation.\" >&2\n    exit 1\nfi\n# This output is used by Xcode 'outputs' to avoid re-running this script phase.\necho \"SUCCESS\" > \"${SCRIPT_OUTPUT_FILE_0}\"\n";
			showEnvVarsInLog = 0;
		};
/* End PBXShellScriptBuildPhase section */

/* Begin PBXSourcesBuildPhase section */
		C772674A243ABE4F000FC9C7 /* Sources */ = {
			isa = PBXSourcesBuildPhase;
			buildActionMask = 2147483647;
			files = (
				C73A5F5B24F740E10063B329 /* ViewControllerCreateAccount.swift in Sources */,
				C7E7B1DE244CA3AB00D7847C /* Channel.swift in Sources */,
				C7E7B1DA244A588900D7847C /* ViewControllerFeed.swift in Sources */,
				C7A6DF992481C1B1003DA05B /* FirebaseService.swift in Sources */,
				C7CC6D5C2442056F0038FA7A /* ViewControllerDiscover.swift in Sources */,
				C7AB9E56252D406C002652EA /* EULAViewController.swift in Sources */,
				C7E7B1DC244CA2E500D7847C /* Quip.swift in Sources */,
				C7A6DF9B2481DC91003DA05B /* FirestoreService.swift in Sources */,
				C756A1242495581B0066208D /* ViewControllerAddFavsOne.swift in Sources */,
				C788018224A41D8B0094BEC9 /* CollectionViewCellUser.swift in Sources */,
				C7A6DFA124887C38003DA05B /* CollectionViewCellChannel.swift in Sources */,
				C7A6DF92247F43C1003DA05B /* Menu.swift in Sources */,
				C75942C2247CA49F00ED8223 /* UIButtonExtensions.swift in Sources */,
				C73A5F5524F5D2B70063B329 /* University.swift in Sources */,
				C7E7B1E42451205700D7847C /* ViewControllerFavorites.swift in Sources */,
				C73A5F5324F5C9560063B329 /* ViewControllerStudentSections.swift in Sources */,
				C756A1262495584A0066208D /* ViewControllerAddFavsTwo.swift in Sources */,
				C788018824A96F250094BEC9 /* SlideAnimatingTransition.swift in Sources */,
				C788018A24AA16AC0094BEC9 /* UIScrollViewExtensions.swift in Sources */,
				C75942C0247CA46300ED8223 /* ViewControllerExtensions.swift in Sources */,
				C754EE6124DCE0F00047F669 /* GlobalVars.swift in Sources */,
				C7EC25B42442A98B00827719 /* ImageFunctions.swift in Sources */,
				C7DC6AE8255E353800F2B6AB /* AmazonDynamoService.swift in Sources */,
				C7E7B1E724512C6F00D7847C /* BaseTabBarController.swift in Sources */,
				C70C8E3324B66D1200E73741 /* ViewControllerPrivacyPolicy.swift in Sources */,
				C7E7B1E2244FBA2300D7847C /* ViewControllerWriteQuip.swift in Sources */,
				C76C623224D3956800FA7A69 /* Constants.swift in Sources */,
				C715100F256C62F400FBD605 /* VerifyViewController.swift in Sources */,
				C7A6DF9F2486C553003DA05B /* CollectionCellCategories.swift in Sources */,
				C7DC6B83255F8BA700F2B6AB /* Poll.swift in Sources */,
				C7A6DF94247F547E003DA05B /* MenuCell.swift in Sources */,
				C7575C2B24C3330C003BFF1E /* UIColorExtension.swift in Sources */,
				C73AA0CF2454CB43000C27B9 /* ViewControllerQuip.swift in Sources */,
				C73AA0CB2453BC66000C27B9 /* Category.swift in Sources */,
				C7E7B1E0244EE78A00D7847C /* Utilities.swift in Sources */,
				C788018024A299570094BEC9 /* CollectionViewCellFeed.swift in Sources */,
				C73AA0C92453ACEF000C27B9 /* ViewControllerCategories.swift in Sources */,
				C7B1891224C7BBFC0066D583 /* HomeNavigationController.swift in Sources */,
				C723E656253BD87A0051C853 /* WelcomeViewController.swift in Sources */,
				C7A6DF9624804807003DA05B /* UIViewExtension.swift in Sources */,
				C775988B24AFA6280038BB28 /* cloudFunctionManager.swift in Sources */,
				C76C374724CBC992001777BF /* Colors.swift in Sources */,
				C7726752243ABE4F000FC9C7 /* AppDelegate.swift in Sources */,
				C737169A255855FB00FA9A11 /* RedeemViewController.swift in Sources */,
				C7B1891024C499EA0066D583 /* StringExtension.swift in Sources */,
				C75942C4247CA52B00ED8223 /* CustomTableCells.swift in Sources */,
				C73716CE255B568B00FA9A11 /* pollStack.swift in Sources */,
				C7A6DF9D2481E83F003DA05B /* FirebaseStorageService.swift in Sources */,
				C73AA0CD2454B451000C27B9 /* ViewControllerUser.swift in Sources */,
			);
			runOnlyForDeploymentPostprocessing = 0;
		};
		C772675E243ABE53000FC9C7 /* Sources */ = {
			isa = PBXSourcesBuildPhase;
			buildActionMask = 2147483647;
			files = (
				C7726767243ABE53000FC9C7 /* AnonAppTests.swift in Sources */,
			);
			runOnlyForDeploymentPostprocessing = 0;
		};
		C7726769243ABE53000FC9C7 /* Sources */ = {
			isa = PBXSourcesBuildPhase;
			buildActionMask = 2147483647;
			files = (
				C7726772243ABE53000FC9C7 /* AnonAppUITests.swift in Sources */,
			);
			runOnlyForDeploymentPostprocessing = 0;
		};
/* End PBXSourcesBuildPhase section */

/* Begin PBXTargetDependency section */
		C7726764243ABE53000FC9C7 /* PBXTargetDependency */ = {
			isa = PBXTargetDependency;
			target = C772674D243ABE4F000FC9C7 /* AnonApp */;
			targetProxy = C7726763243ABE53000FC9C7 /* PBXContainerItemProxy */;
		};
		C772676F243ABE53000FC9C7 /* PBXTargetDependency */ = {
			isa = PBXTargetDependency;
			target = C772674D243ABE4F000FC9C7 /* AnonApp */;
			targetProxy = C772676E243ABE53000FC9C7 /* PBXContainerItemProxy */;
		};
/* End PBXTargetDependency section */

/* Begin PBXVariantGroup section */
		C7726755243ABE4F000FC9C7 /* Main.storyboard */ = {
			isa = PBXVariantGroup;
			children = (
				C7726756243ABE4F000FC9C7 /* Base */,
			);
			name = Main.storyboard;
			sourceTree = "<group>";
		};
		C772675A243ABE52000FC9C7 /* LaunchScreen.storyboard */ = {
			isa = PBXVariantGroup;
			children = (
				C772675B243ABE52000FC9C7 /* Base */,
			);
			name = LaunchScreen.storyboard;
			sourceTree = "<group>";
		};
/* End PBXVariantGroup section */

/* Begin XCBuildConfiguration section */
		C7726774243ABE53000FC9C7 /* Debug */ = {
			isa = XCBuildConfiguration;
			buildSettings = {
				ALWAYS_SEARCH_USER_PATHS = NO;
				CLANG_ANALYZER_NONNULL = YES;
				CLANG_ANALYZER_NUMBER_OBJECT_CONVERSION = YES_AGGRESSIVE;
				CLANG_CXX_LANGUAGE_STANDARD = "gnu++14";
				CLANG_CXX_LIBRARY = "libc++";
				CLANG_ENABLE_MODULES = YES;
				CLANG_ENABLE_OBJC_ARC = YES;
				CLANG_ENABLE_OBJC_WEAK = YES;
				CLANG_WARN_BLOCK_CAPTURE_AUTORELEASING = YES;
				CLANG_WARN_BOOL_CONVERSION = YES;
				CLANG_WARN_COMMA = YES;
				CLANG_WARN_CONSTANT_CONVERSION = YES;
				CLANG_WARN_DEPRECATED_OBJC_IMPLEMENTATIONS = YES;
				CLANG_WARN_DIRECT_OBJC_ISA_USAGE = YES_ERROR;
				CLANG_WARN_DOCUMENTATION_COMMENTS = YES;
				CLANG_WARN_EMPTY_BODY = YES;
				CLANG_WARN_ENUM_CONVERSION = YES;
				CLANG_WARN_INFINITE_RECURSION = YES;
				CLANG_WARN_INT_CONVERSION = YES;
				CLANG_WARN_NON_LITERAL_NULL_CONVERSION = YES;
				CLANG_WARN_OBJC_IMPLICIT_RETAIN_SELF = YES;
				CLANG_WARN_OBJC_LITERAL_CONVERSION = YES;
				CLANG_WARN_OBJC_ROOT_CLASS = YES_ERROR;
				CLANG_WARN_RANGE_LOOP_ANALYSIS = YES;
				CLANG_WARN_STRICT_PROTOTYPES = YES;
				CLANG_WARN_SUSPICIOUS_MOVE = YES;
				CLANG_WARN_UNGUARDED_AVAILABILITY = YES_AGGRESSIVE;
				CLANG_WARN_UNREACHABLE_CODE = YES;
				CLANG_WARN__DUPLICATE_METHOD_MATCH = YES;
				CODE_SIGN_IDENTITY = "iPhone Developer";
				COPY_PHASE_STRIP = NO;
				DEBUG_INFORMATION_FORMAT = dwarf;
				ENABLE_STRICT_OBJC_MSGSEND = YES;
				ENABLE_TESTABILITY = YES;
				GCC_C_LANGUAGE_STANDARD = gnu11;
				GCC_DYNAMIC_NO_PIC = NO;
				GCC_NO_COMMON_BLOCKS = YES;
				GCC_OPTIMIZATION_LEVEL = 0;
				GCC_PREPROCESSOR_DEFINITIONS = (
					"DEBUG=1",
					"$(inherited)",
				);
				GCC_WARN_64_TO_32_BIT_CONVERSION = YES;
				GCC_WARN_ABOUT_RETURN_TYPE = YES_ERROR;
				GCC_WARN_UNDECLARED_SELECTOR = YES;
				GCC_WARN_UNINITIALIZED_AUTOS = YES_AGGRESSIVE;
				GCC_WARN_UNUSED_FUNCTION = YES;
				GCC_WARN_UNUSED_VARIABLE = YES;
				IPHONEOS_DEPLOYMENT_TARGET = 11.3;
				MTL_ENABLE_DEBUG_INFO = YES;
				ONLY_ACTIVE_ARCH = YES;
				SDKROOT = iphoneos;
				SWIFT_ACTIVE_COMPILATION_CONDITIONS = DEBUG;
				SWIFT_OPTIMIZATION_LEVEL = "-Onone";
			};
			name = Debug;
		};
		C7726775243ABE53000FC9C7 /* Release */ = {
			isa = XCBuildConfiguration;
			buildSettings = {
				ALWAYS_SEARCH_USER_PATHS = NO;
				CLANG_ANALYZER_NONNULL = YES;
				CLANG_ANALYZER_NUMBER_OBJECT_CONVERSION = YES_AGGRESSIVE;
				CLANG_CXX_LANGUAGE_STANDARD = "gnu++14";
				CLANG_CXX_LIBRARY = "libc++";
				CLANG_ENABLE_MODULES = YES;
				CLANG_ENABLE_OBJC_ARC = YES;
				CLANG_ENABLE_OBJC_WEAK = YES;
				CLANG_WARN_BLOCK_CAPTURE_AUTORELEASING = YES;
				CLANG_WARN_BOOL_CONVERSION = YES;
				CLANG_WARN_COMMA = YES;
				CLANG_WARN_CONSTANT_CONVERSION = YES;
				CLANG_WARN_DEPRECATED_OBJC_IMPLEMENTATIONS = YES;
				CLANG_WARN_DIRECT_OBJC_ISA_USAGE = YES_ERROR;
				CLANG_WARN_DOCUMENTATION_COMMENTS = YES;
				CLANG_WARN_EMPTY_BODY = YES;
				CLANG_WARN_ENUM_CONVERSION = YES;
				CLANG_WARN_INFINITE_RECURSION = YES;
				CLANG_WARN_INT_CONVERSION = YES;
				CLANG_WARN_NON_LITERAL_NULL_CONVERSION = YES;
				CLANG_WARN_OBJC_IMPLICIT_RETAIN_SELF = YES;
				CLANG_WARN_OBJC_LITERAL_CONVERSION = YES;
				CLANG_WARN_OBJC_ROOT_CLASS = YES_ERROR;
				CLANG_WARN_RANGE_LOOP_ANALYSIS = YES;
				CLANG_WARN_STRICT_PROTOTYPES = YES;
				CLANG_WARN_SUSPICIOUS_MOVE = YES;
				CLANG_WARN_UNGUARDED_AVAILABILITY = YES_AGGRESSIVE;
				CLANG_WARN_UNREACHABLE_CODE = YES;
				CLANG_WARN__DUPLICATE_METHOD_MATCH = YES;
				CODE_SIGN_IDENTITY = "iPhone Developer";
				COPY_PHASE_STRIP = NO;
				DEBUG_INFORMATION_FORMAT = "dwarf-with-dsym";
				ENABLE_NS_ASSERTIONS = NO;
				ENABLE_STRICT_OBJC_MSGSEND = YES;
				GCC_C_LANGUAGE_STANDARD = gnu11;
				GCC_NO_COMMON_BLOCKS = YES;
				GCC_WARN_64_TO_32_BIT_CONVERSION = YES;
				GCC_WARN_ABOUT_RETURN_TYPE = YES_ERROR;
				GCC_WARN_UNDECLARED_SELECTOR = YES;
				GCC_WARN_UNINITIALIZED_AUTOS = YES_AGGRESSIVE;
				GCC_WARN_UNUSED_FUNCTION = YES;
				GCC_WARN_UNUSED_VARIABLE = YES;
				IPHONEOS_DEPLOYMENT_TARGET = 11.3;
				MTL_ENABLE_DEBUG_INFO = NO;
				SDKROOT = iphoneos;
				SWIFT_COMPILATION_MODE = wholemodule;
				SWIFT_OPTIMIZATION_LEVEL = "-Owholemodule";
				VALIDATE_PRODUCT = YES;
			};
			name = Release;
		};
		C7726777243ABE53000FC9C7 /* Debug */ = {
			isa = XCBuildConfiguration;
			baseConfigurationReference = ABEC6DF16102F9DB4CDCE209 /* Pods-AnonApp.debug.xcconfig */;
			buildSettings = {
				ASSETCATALOG_COMPILER_APPICON_NAME = AppIcon;
				CODE_SIGN_ENTITLEMENTS = AnonApp/AnonApp.entitlements;
				CODE_SIGN_STYLE = Automatic;
				CURRENT_PROJECT_VERSION = 1;
				DEVELOPMENT_TEAM = 6S44ZYGMUY;
				INFOPLIST_FILE = AnonApp/Info.plist;
				IPHONEOS_DEPLOYMENT_TARGET = 13.0;
				LD_RUNPATH_SEARCH_PATHS = (
					"$(inherited)",
					"@executable_path/Frameworks",
				);
				MARKETING_VERSION = 1.60;
				PRODUCT_BUNDLE_IDENTIFIER = HundredMillion.AnonApp;
				PRODUCT_NAME = "Nut House";
				SWIFT_VERSION = 5.0;
				TARGETED_DEVICE_FAMILY = "1,2";
				VALID_ARCHS = "$(ARCHS_STANDARD)";
			};
			name = Debug;
		};
		C7726778243ABE53000FC9C7 /* Release */ = {
			isa = XCBuildConfiguration;
			baseConfigurationReference = C55DE25DB7A4F2566C32ADDB /* Pods-AnonApp.release.xcconfig */;
			buildSettings = {
				ASSETCATALOG_COMPILER_APPICON_NAME = AppIcon;
				CODE_SIGN_ENTITLEMENTS = AnonApp/AnonApp.entitlements;
				CODE_SIGN_STYLE = Automatic;
				CURRENT_PROJECT_VERSION = 1;
				DEVELOPMENT_TEAM = 6S44ZYGMUY;
				INFOPLIST_FILE = AnonApp/Info.plist;
				IPHONEOS_DEPLOYMENT_TARGET = 13.0;
				LD_RUNPATH_SEARCH_PATHS = (
					"$(inherited)",
					"@executable_path/Frameworks",
				);
				MARKETING_VERSION = 1.60;
				PRODUCT_BUNDLE_IDENTIFIER = HundredMillion.AnonApp;
				PRODUCT_NAME = "Nut House";
				SWIFT_VERSION = 5.0;
				TARGETED_DEVICE_FAMILY = "1,2";
				VALID_ARCHS = "$(ARCHS_STANDARD)";
			};
			name = Release;
		};
		C772677A243ABE53000FC9C7 /* Debug */ = {
			isa = XCBuildConfiguration;
			baseConfigurationReference = 7B4F0A11B9B1B0E60DB8EEBA /* Pods-AnonAppTests.debug.xcconfig */;
			buildSettings = {
				ALWAYS_EMBED_SWIFT_STANDARD_LIBRARIES = YES;
				BUNDLE_LOADER = "$(TEST_HOST)";
				CODE_SIGN_STYLE = Automatic;
				INFOPLIST_FILE = AnonAppTests/Info.plist;
				LD_RUNPATH_SEARCH_PATHS = (
					"$(inherited)",
					"@executable_path/Frameworks",
					"@loader_path/Frameworks",
				);
				PRODUCT_BUNDLE_IDENTIFIER = HundredMillion.AnonAppTests;
				PRODUCT_NAME = "$(TARGET_NAME)";
				SWIFT_VERSION = 5.0;
				TARGETED_DEVICE_FAMILY = "1,2";
				TEST_HOST = "$(BUILT_PRODUCTS_DIR)/AnonApp.app/AnonApp";
			};
			name = Debug;
		};
		C772677B243ABE53000FC9C7 /* Release */ = {
			isa = XCBuildConfiguration;
			baseConfigurationReference = FF7D8F1CD815F19356AEBF55 /* Pods-AnonAppTests.release.xcconfig */;
			buildSettings = {
				ALWAYS_EMBED_SWIFT_STANDARD_LIBRARIES = YES;
				BUNDLE_LOADER = "$(TEST_HOST)";
				CODE_SIGN_STYLE = Automatic;
				INFOPLIST_FILE = AnonAppTests/Info.plist;
				LD_RUNPATH_SEARCH_PATHS = (
					"$(inherited)",
					"@executable_path/Frameworks",
					"@loader_path/Frameworks",
				);
				PRODUCT_BUNDLE_IDENTIFIER = HundredMillion.AnonAppTests;
				PRODUCT_NAME = "$(TARGET_NAME)";
				SWIFT_VERSION = 5.0;
				TARGETED_DEVICE_FAMILY = "1,2";
				TEST_HOST = "$(BUILT_PRODUCTS_DIR)/AnonApp.app/AnonApp";
			};
			name = Release;
		};
		C772677D243ABE53000FC9C7 /* Debug */ = {
			isa = XCBuildConfiguration;
			baseConfigurationReference = 40BA784E87DD4806F358205E /* Pods-AnonApp-AnonAppUITests.debug.xcconfig */;
			buildSettings = {
				ALWAYS_EMBED_SWIFT_STANDARD_LIBRARIES = YES;
				CODE_SIGN_STYLE = Automatic;
				INFOPLIST_FILE = AnonAppUITests/Info.plist;
				LD_RUNPATH_SEARCH_PATHS = (
					"$(inherited)",
					"@executable_path/Frameworks",
					"@loader_path/Frameworks",
				);
				PRODUCT_BUNDLE_IDENTIFIER = HundredMillion.AnonAppUITests;
				PRODUCT_NAME = "$(TARGET_NAME)";
				SWIFT_VERSION = 5.0;
				TARGETED_DEVICE_FAMILY = "1,2";
				TEST_TARGET_NAME = AnonApp;
			};
			name = Debug;
		};
		C772677E243ABE53000FC9C7 /* Release */ = {
			isa = XCBuildConfiguration;
			baseConfigurationReference = 532A6733D10563B5BE5471DA /* Pods-AnonApp-AnonAppUITests.release.xcconfig */;
			buildSettings = {
				ALWAYS_EMBED_SWIFT_STANDARD_LIBRARIES = YES;
				CODE_SIGN_STYLE = Automatic;
				INFOPLIST_FILE = AnonAppUITests/Info.plist;
				LD_RUNPATH_SEARCH_PATHS = (
					"$(inherited)",
					"@executable_path/Frameworks",
					"@loader_path/Frameworks",
				);
				PRODUCT_BUNDLE_IDENTIFIER = HundredMillion.AnonAppUITests;
				PRODUCT_NAME = "$(TARGET_NAME)";
				SWIFT_VERSION = 5.0;
				TARGETED_DEVICE_FAMILY = "1,2";
				TEST_TARGET_NAME = AnonApp;
			};
			name = Release;
		};
/* End XCBuildConfiguration section */

/* Begin XCConfigurationList section */
		C7726749243ABE4F000FC9C7 /* Build configuration list for PBXProject "AnonApp" */ = {
			isa = XCConfigurationList;
			buildConfigurations = (
				C7726774243ABE53000FC9C7 /* Debug */,
				C7726775243ABE53000FC9C7 /* Release */,
			);
			defaultConfigurationIsVisible = 0;
			defaultConfigurationName = Release;
		};
		C7726776243ABE53000FC9C7 /* Build configuration list for PBXNativeTarget "AnonApp" */ = {
			isa = XCConfigurationList;
			buildConfigurations = (
				C7726777243ABE53000FC9C7 /* Debug */,
				C7726778243ABE53000FC9C7 /* Release */,
			);
			defaultConfigurationIsVisible = 0;
			defaultConfigurationName = Release;
		};
		C7726779243ABE53000FC9C7 /* Build configuration list for PBXNativeTarget "AnonAppTests" */ = {
			isa = XCConfigurationList;
			buildConfigurations = (
				C772677A243ABE53000FC9C7 /* Debug */,
				C772677B243ABE53000FC9C7 /* Release */,
			);
			defaultConfigurationIsVisible = 0;
			defaultConfigurationName = Release;
		};
		C772677C243ABE53000FC9C7 /* Build configuration list for PBXNativeTarget "AnonAppUITests" */ = {
			isa = XCConfigurationList;
			buildConfigurations = (
				C772677D243ABE53000FC9C7 /* Debug */,
				C772677E243ABE53000FC9C7 /* Release */,
			);
			defaultConfigurationIsVisible = 0;
			defaultConfigurationName = Release;
		};
/* End XCConfigurationList section */
	};
	rootObject = C7726746243ABE4F000FC9C7 /* Project object */;
}
